{
  "requires": true,
  "lockfileVersion": 1,
  "dependencies": {
    "react-promise-tracker": {
      "version": "2.1.0",
      "resolved": "https://registry.npmjs.org/react-promise-tracker/-/react-promise-tracker-2.1.0.tgz",
      "integrity": "sha512-1LQSGAnFF4o++iPFgeBrMpS+ZHQg8ZGl9Zuf70v+OoLxuOnUeLCP7ugma+InBCUZzPnSLyWTLt/jyW+FAy5ELQ=="
    }
  }
}
